<Solution>
  <Folder Name="/src/">
    <Project Path="src/EventHub.Api/EventHub.Api.csproj" />
  </Folder>
  <Folder Name="/tests/">
    <Project Path="tests/EventHub.Tests/EventHub.Tests.csproj" />
  </Folder>
  <Folder Name="/tests/EventHub.IntegrationTests/">
    <Project Path="tests/EventHub.IntegrationTests/EventHub.IntegrationTest.csproj" />
  </Folder>
</Solution>
